
Microsoft Visual Studio Solution File, Format Version 12.00
# Visual Studio 15
VisualStudioVersion = 15.0.28307.779
MinimumVisualStudioVersion = 10.0.40219.1
Project("{FAE04EC0-301F-11D3-BF4B-00C04F79EFBC}") = "OPLS", "OPLS\OPLS.csproj", "{6C27FB49-65CC-439E-B26D-06D14B6E2139}"
EndProject
Global
	GlobalSection(SolutionConfigurationPlatforms) = preSolution
		Debug|Any CPU = Debug|Any CPU
		Release|Any CPU = Release|Any CPU
	EndGlobalSection
	GlobalSection(ProjectConfigurationPlatforms) = postSolution
		{6C27FB49-65CC-439E-B26D-06D14B6E2139}.Debug|Any CPU.ActiveCfg = Debug|Any CPU
		{6C27FB49-65CC-439E-B26D-06D14B6E2139}.Debug|Any CPU.Build.0 = Debug|Any CPU
		{6C27FB49-65CC-439E-B26D-06D14B6E2139}.Release|Any CPU.ActiveCfg = Release|Any CPU
		{6C27FB49-65CC-439E-B26D-06D14B6E2139}.Release|Any CPU.Build.0 = Release|Any CPU
	EndGlobalSection
	GlobalSection(SolutionProperties) = preSolution
		HideSolutionNode = FALSE
	EndGlobalSection
	GlobalSection(ExtensibilityGlobals) = postSolution
		SolutionGuid = {6572BBB2-CA53-4BFA-8002-2CC6671A3529}
	EndGlobalSection
EndGlobal
